
Microsoft Visual Studio Solution File, Format Version 12.00
# Visual Studio Version 17
VisualStudioVersion = 17.4.33213.308
MinimumVisualStudioVersion = 10.0.40219.1
Project("{FAE04EC0-301F-11D3-BF4B-00C04F79EFBC}") = "SnakeandLadderUC2", "SnakeandLadderUC2\SnakeandLadderUC2.csproj", "{1E099FBF-3C91-483F-9159-7B7D5CC3D0E6}"
EndProject
Global
	GlobalSection(SolutionConfigurationPlatforms) = preSolution
		Debug|Any CPU = Debug|Any CPU
		Release|Any CPU = Release|Any CPU
	EndGlobalSection
	GlobalSection(ProjectConfigurationPlatforms) = postSolution
		{1E099FBF-3C91-483F-9159-7B7D5CC3D0E6}.Debug|Any CPU.ActiveCfg = Debug|Any CPU
		{1E099FBF-3C91-483F-9159-7B7D5CC3D0E6}.Debug|Any CPU.Build.0 = Debug|Any CPU
		{1E099FBF-3C91-483F-9159-7B7D5CC3D0E6}.Release|Any CPU.ActiveCfg = Release|Any CPU
		{1E099FBF-3C91-483F-9159-7B7D5CC3D0E6}.Release|Any CPU.Build.0 = Release|Any CPU
	EndGlobalSection
	GlobalSection(SolutionProperties) = preSolution
		HideSolutionNode = FALSE
	EndGlobalSection
	GlobalSection(ExtensibilityGlobals) = postSolution
		SolutionGuid = {317F27AA-1C56-4280-A70B-0D31CFB0C41B}
	EndGlobalSection
EndGlobal
