
Microsoft Visual Studio Solution File, Format Version 12.00
# Visual Studio Version 17
VisualStudioVersion = 17.4.33213.308
MinimumVisualStudioVersion = 10.0.40219.1
Project("{FAE04EC0-301F-11D3-BF4B-00C04F79EFBC}") = "SnakeandLadderUC3", "SnakeandLadderUC3\SnakeandLadderUC3.csproj", "{02FCBB01-D41A-4ED5-A523-F5056C693CB6}"
EndProject
Global
	GlobalSection(SolutionConfigurationPlatforms) = preSolution
		Debug|Any CPU = Debug|Any CPU
		Release|Any CPU = Release|Any CPU
	EndGlobalSection
	GlobalSection(ProjectConfigurationPlatforms) = postSolution
		{02FCBB01-D41A-4ED5-A523-F5056C693CB6}.Debug|Any CPU.ActiveCfg = Debug|Any CPU
		{02FCBB01-D41A-4ED5-A523-F5056C693CB6}.Debug|Any CPU.Build.0 = Debug|Any CPU
		{02FCBB01-D41A-4ED5-A523-F5056C693CB6}.Release|Any CPU.ActiveCfg = Release|Any CPU
		{02FCBB01-D41A-4ED5-A523-F5056C693CB6}.Release|Any CPU.Build.0 = Release|Any CPU
	EndGlobalSection
	GlobalSection(SolutionProperties) = preSolution
		HideSolutionNode = FALSE
	EndGlobalSection
	GlobalSection(ExtensibilityGlobals) = postSolution
		SolutionGuid = {4AD33614-102B-434F-BE80-1F53498ED48E}
	EndGlobalSection
EndGlobal
