
Microsoft Visual Studio Solution File, Format Version 12.00
# Visual Studio Version 17
VisualStudioVersion = 17.4.33213.308
MinimumVisualStudioVersion = 10.0.40219.1
Project("{FAE04EC0-301F-11D3-BF4B-00C04F79EFBC}") = "SnakeandLadderUC4", "SnakeandLadderUC4\SnakeandLadderUC4.csproj", "{503B18D6-A58C-4A0D-B07F-AD2C6FEF402D}"
EndProject
Global
	GlobalSection(SolutionConfigurationPlatforms) = preSolution
		Debug|Any CPU = Debug|Any CPU
		Release|Any CPU = Release|Any CPU
	EndGlobalSection
	GlobalSection(ProjectConfigurationPlatforms) = postSolution
		{503B18D6-A58C-4A0D-B07F-AD2C6FEF402D}.Debug|Any CPU.ActiveCfg = Debug|Any CPU
		{503B18D6-A58C-4A0D-B07F-AD2C6FEF402D}.Debug|Any CPU.Build.0 = Debug|Any CPU
		{503B18D6-A58C-4A0D-B07F-AD2C6FEF402D}.Release|Any CPU.ActiveCfg = Release|Any CPU
		{503B18D6-A58C-4A0D-B07F-AD2C6FEF402D}.Release|Any CPU.Build.0 = Release|Any CPU
	EndGlobalSection
	GlobalSection(SolutionProperties) = preSolution
		HideSolutionNode = FALSE
	EndGlobalSection
	GlobalSection(ExtensibilityGlobals) = postSolution
		SolutionGuid = {802CC0D1-ED98-474C-A0DD-B5DD889D54A8}
	EndGlobalSection
EndGlobal
